
Microsoft Visual Studio Solution File, Format Version 12.00
# Visual Studio Version 17
VisualStudioVersion = 17.3.32819.101
MinimumVisualStudioVersion = 10.0.40219.1
Project("{FAE04EC0-301F-11D3-BF4B-00C04F79EFBC}") = "LinksStorage", "LinksStorage\LinksStorage.csproj", "{179494AB-4F29-4BB1-AB82-A08EAB483F58}"
EndProject
Project("{FAE04EC0-301F-11D3-BF4B-00C04F79EFBC}") = "LinksStorage.DAL", "LinksStorage.DAL\LinksStorage.DAL.csproj", "{9F62AA4F-2775-4D68-83C6-1DCCE47D1163}"
EndProject
Project("{FAE04EC0-301F-11D3-BF4B-00C04F79EFBC}") = "LinksStorage.Domain", "LinksStorage.Domain\LinksStorage.Domain.csproj", "{F37300D2-26E7-4F2D-BE86-7F159A0FCECB}"
EndProject
Global
	GlobalSection(SolutionConfigurationPlatforms) = preSolution
		Debug|Any CPU = Debug|Any CPU
		Release|Any CPU = Release|Any CPU
	EndGlobalSection
	GlobalSection(ProjectConfigurationPlatforms) = postSolution
		{179494AB-4F29-4BB1-AB82-A08EAB483F58}.Debug|Any CPU.ActiveCfg = Debug|Any CPU
		{179494AB-4F29-4BB1-AB82-A08EAB483F58}.Debug|Any CPU.Build.0 = Debug|Any CPU
		{179494AB-4F29-4BB1-AB82-A08EAB483F58}.Release|Any CPU.ActiveCfg = Release|Any CPU
		{179494AB-4F29-4BB1-AB82-A08EAB483F58}.Release|Any CPU.Build.0 = Release|Any CPU
		{9F62AA4F-2775-4D68-83C6-1DCCE47D1163}.Debug|Any CPU.ActiveCfg = Debug|Any CPU
		{9F62AA4F-2775-4D68-83C6-1DCCE47D1163}.Debug|Any CPU.Build.0 = Debug|Any CPU
		{9F62AA4F-2775-4D68-83C6-1DCCE47D1163}.Release|Any CPU.ActiveCfg = Release|Any CPU
		{9F62AA4F-2775-4D68-83C6-1DCCE47D1163}.Release|Any CPU.Build.0 = Release|Any CPU
		{F37300D2-26E7-4F2D-BE86-7F159A0FCECB}.Debug|Any CPU.ActiveCfg = Debug|Any CPU
		{F37300D2-26E7-4F2D-BE86-7F159A0FCECB}.Debug|Any CPU.Build.0 = Debug|Any CPU
		{F37300D2-26E7-4F2D-BE86-7F159A0FCECB}.Release|Any CPU.ActiveCfg = Release|Any CPU
		{F37300D2-26E7-4F2D-BE86-7F159A0FCECB}.Release|Any CPU.Build.0 = Release|Any CPU
	EndGlobalSection
	GlobalSection(SolutionProperties) = preSolution
		HideSolutionNode = FALSE
	EndGlobalSection
	GlobalSection(ExtensibilityGlobals) = postSolution
		SolutionGuid = {A0B4DBFD-17D5-40C6-8074-13396F266BEE}
	EndGlobalSection
EndGlobal
